{
    "_meta": {
        "hash": {
            "sha256": "f3f0420ba85e76fe1a40cbff44f88a44aae07995a2325d9c88c7bdb04701672e"
        },
        "pipfile-spec": 6,
        "requires": {
            "python_version": "3.6"
        },
        "sources": [
            {
                "name": "pypi",
                "url": "https://pypi.org/simple",
                "verify_ssl": true
            }
        ]
    },
    "default": {
        "certifi": {
            "hashes": [
                "sha256:47f9c83ef4c0c621eaef743f133f09fa8a74a9b75f037e8624f83bd1b6626cb7",
                "sha256:993f830721089fef441cdfeb4b2c8c9df86f0c63239f06bd025a76a7daddb033"
            ],
            "version": "==2018.11.29"
        },
        "chardet": {
            "hashes": [
                "sha256:84ab92ed1c4d4f16916e05906b6b75a6c0fb5db821cc65e70cbd64a3e2a5eaae",
                "sha256:fc323ffcaeaed0e0a02bf4d117757b98aed530d9ed4531e3e15460124c106691"
            ],
            "version": "==3.0.4"
        },
        "future": {
            "hashes": [
                "sha256:67045236dcfd6816dc439556d009594abf643e5eb48992e36beac09c2ca659b8"
            ],
            "version": "==0.17.1"
        },
        "idna": {
            "hashes": [
                "sha256:c357b3f628cf53ae2c4c05627ecc484553142ca23264e593d327bcde5e9c3407",
                "sha256:ea8b7f6188e6fa117537c3df7da9fc686d485087abf6ac197f9c46432f7e4a3c"
            ],
            "version": "==2.8"
        },
        "python-telegram-bot": {
            "hashes": [
                "sha256:0aa1541790c4c6d08ecf34ccead1c8c68fdfa1b767000ae63fdad05d34cccd59",
                "sha256:1048a8430c96d7c435efddddb054d0318bfdc8a324489a2be5ba5bf13ce75ce2"
            ],
            "index": "pypi",
            "version": "==5.3.0"
        },
        "pytz": {
            "hashes": [
                "sha256:25a1432f18051c5f8b00419795bbd824ad2c02a948c48adf785b0bb8e74fbbb4",
                "sha256:40c443019f389a93055d2c43a6a425aa10fd0047506e95747197a5a0423e58f8",
                "sha256:44daacdf5bb50c1fa3bc2b6c4c1f5afd78217e1478fe10585fc7ce5e383b6669",
                "sha256:4c6f3e3f2e8bcd49bbb0f6031f77c3a99a54733ad330cb022d64cf406cf1bcb2",
                "sha256:7016b2c4fa075c564b81c37a252a5fccf60d8964aa31b7f5eae59aeb594ae02b",
                "sha256:7d94af5a3ee62616da36f4a5d0138bbfb1cd52d987a8274c45e0c78167837e17",
                "sha256:9a43e20aa537cfad8fe7a1715165c91cb4a6935d40947f2d070e4c80f2dcd22b",
                "sha256:a1ea35e87a63c7825846d5b5c81d23d668e8a102d3b1b465ce95afe1b3a2e065",
                "sha256:a707e2a9c825aa5b4798f2368dc65a85966ccd6a2a42e14fc93364c614bc0e77",
                "sha256:aafbf066975fe217ed49d7d197b26903d3b43e9ca2aa6ba0a211081f13c41917",
                "sha256:c6fc91277aafa1031f9acddb701298549b96fa5ccc621f61425ca98d15f5935c",
                "sha256:c9bd582ebc202972182dc254541c7bd29195648d798feaffb0480fb679c347ec",
                "sha256:dc221460e0264cb274fbb328936f509ba53d912669cb9ef6244e434c910be138"
            ],
            "index": "pypi",
            "version": "==2016.10"
        },
        "requests": {
            "hashes": [
                "sha256:502a824f31acdacb3a35b6690b5fbf0bc41d63a24a45c4004352b0242707598e",
                "sha256:7bf2a778576d825600030a110f3c0e3e8edc51dfaafe1c146e39a2027784957b"
            ],
            "index": "pypi",
            "version": "==2.21.0"
        },
        "urllib3": {
            "hashes": [
                "sha256:61bf29cada3fc2fbefad4fdf059ea4bd1b4a86d2b6d15e1c7c0b582b9752fe39",
                "sha256:de9529817c93f27c8ccbfead6985011db27bd0ddfcdb2d86f3f663385c6a9c22"
            ],
            "version": "==1.24.1"
        }
    },
    "develop": {}
}
